
Microsoft Visual Studio Solution File, Format Version 12.00
# Visual Studio Version 16
VisualStudioVersion = 16.0.29613.14
MinimumVisualStudioVersion = 10.0.40219.1
Project("{FAE04EC0-301F-11D3-BF4B-00C04F79EFBC}") = "ConsoleApp1", "ConsoleApp1\ConsoleApp1.csproj", "{CFEEF5B5-D435-4270-BBC2-8E84A3FDF600}"
EndProject
Global
	GlobalSection(SolutionConfigurationPlatforms) = preSolution
		Debug|Any CPU = Debug|Any CPU
		Release|Any CPU = Release|Any CPU
	EndGlobalSection
	GlobalSection(ProjectConfigurationPlatforms) = postSolution
		{CFEEF5B5-D435-4270-BBC2-8E84A3FDF600}.Debug|Any CPU.ActiveCfg = Debug|Any CPU
		{CFEEF5B5-D435-4270-BBC2-8E84A3FDF600}.Debug|Any CPU.Build.0 = Debug|Any CPU
		{CFEEF5B5-D435-4270-BBC2-8E84A3FDF600}.Release|Any CPU.ActiveCfg = Release|Any CPU
		{CFEEF5B5-D435-4270-BBC2-8E84A3FDF600}.Release|Any CPU.Build.0 = Release|Any CPU
	EndGlobalSection
	GlobalSection(SolutionProperties) = preSolution
		HideSolutionNode = FALSE
	EndGlobalSection
	GlobalSection(ExtensibilityGlobals) = postSolution
		SolutionGuid = {4938AB18-076E-488A-80DE-822930CA81A0}
	EndGlobalSection
EndGlobal
